// !$*UTF8*$!
{
	archiveVersion = 1;
	classes = {
	};
	objectVersion = 50;
	objects = {

/* Begin PBXBuildFile section */
		712F36C725B65B3900E2AD21 /* packageTableViewCell.swift in Sources */ = {isa = PBXBuildFile; fileRef = 712F36C625B65B3900E2AD21 /* packageTableViewCell.swift */; };
		7132CE4725A4865200229169 /* AppDelegate.swift in Sources */ = {isa = PBXBuildFile; fileRef = 7132CE4625A4865200229169 /* AppDelegate.swift */; };
		7132CE4925A4865200229169 /* SceneDelegate.swift in Sources */ = {isa = PBXBuildFile; fileRef = 7132CE4825A4865200229169 /* SceneDelegate.swift */; };
		7132CE4B25A4865200229169 /* ViewController.swift in Sources */ = {isa = PBXBuildFile; fileRef = 7132CE4A25A4865200229169 /* ViewController.swift */; };
		7132CE4E25A4865200229169 /* Main.storyboard in Resources */ = {isa = PBXBuildFile; fileRef = 7132CE4C25A4865200229169 /* Main.storyboard */; };
		7132CE5025A4865500229169 /* Assets.xcassets in Resources */ = {isa = PBXBuildFile; fileRef = 7132CE4F25A4865500229169 /* Assets.xcassets */; };
		7132CE5325A4865500229169 /* LaunchScreen.storyboard in Resources */ = {isa = PBXBuildFile; fileRef = 7132CE5125A4865500229169 /* LaunchScreen.storyboard */; };
		7132CE5C25A48BB900229169 /* InputViewController.swift in Sources */ = {isa = PBXBuildFile; fileRef = 7132CE5B25A48BB900229169 /* InputViewController.swift */; };
		7132CE6325A48C4C00229169 /* izParcel.swift in Sources */ = {isa = PBXBuildFile; fileRef = 7132CE6225A48C4C00229169 /* izParcel.swift */; };
		7163F4B025C031BC009EF072 /* MainTableViewController.swift in Sources */ = {isa = PBXBuildFile; fileRef = 7163F4AF25C031BC009EF072 /* MainTableViewController.swift */; };
		7171399C25B2D2BF00BA292C /* InputScreen.swift in Sources */ = {isa = PBXBuildFile; fileRef = 7171399B25B2D2BF00BA292C /* InputScreen.swift */; };
/* End PBXBuildFile section */

/* Begin PBXFileReference section */
		712F36C625B65B3900E2AD21 /* packageTableViewCell.swift */ = {isa = PBXFileReference; lastKnownFileType = sourcecode.swift; path = packageTableViewCell.swift; sourceTree = "<group>"; };
		7132CE4325A4865200229169 /* iz.Parcel.app */ = {isa = PBXFileReference; explicitFileType = wrapper.application; includeInIndex = 0; path = iz.Parcel.app; sourceTree = BUILT_PRODUCTS_DIR; };
		7132CE4625A4865200229169 /* AppDelegate.swift */ = {isa = PBXFileReference; lastKnownFileType = sourcecode.swift; path = AppDelegate.swift; sourceTree = "<group>"; };
		7132CE4825A4865200229169 /* SceneDelegate.swift */ = {isa = PBXFileReference; lastKnownFileType = sourcecode.swift; path = SceneDelegate.swift; sourceTree = "<group>"; };
		7132CE4A25A4865200229169 /* ViewController.swift */ = {isa = PBXFileReference; lastKnownFileType = sourcecode.swift; path = ViewController.swift; sourceTree = "<group>"; };
		7132CE4D25A4865200229169 /* Base */ = {isa = PBXFileReference; lastKnownFileType = file.storyboard; name = Base; path = Base.lproj/Main.storyboard; sourceTree = "<group>"; };
		7132CE4F25A4865500229169 /* Assets.xcassets */ = {isa = PBXFileReference; lastKnownFileType = folder.assetcatalog; path = Assets.xcassets; sourceTree = "<group>"; };
		7132CE5225A4865500229169 /* Base */ = {isa = PBXFileReference; lastKnownFileType = file.storyboard; name = Base; path = Base.lproj/LaunchScreen.storyboard; sourceTree = "<group>"; };
		7132CE5425A4865500229169 /* Info.plist */ = {isa = PBXFileReference; lastKnownFileType = text.plist.xml; path = Info.plist; sourceTree = "<group>"; };
		7132CE5B25A48BB900229169 /* InputViewController.swift */ = {isa = PBXFileReference; lastKnownFileType = sourcecode.swift; path = InputViewController.swift; sourceTree = "<group>"; };
		7132CE6225A48C4C00229169 /* izParcel.swift */ = {isa = PBXFileReference; lastKnownFileType = sourcecode.swift; path = izParcel.swift; sourceTree = "<group>"; };
		7163F4AF25C031BC009EF072 /* MainTableViewController.swift */ = {isa = PBXFileReference; lastKnownFileType = sourcecode.swift; path = MainTableViewController.swift; sourceTree = "<group>"; };
		7171399B25B2D2BF00BA292C /* InputScreen.swift */ = {isa = PBXFileReference; lastKnownFileType = sourcecode.swift; path = InputScreen.swift; sourceTree = "<group>"; };
/* End PBXFileReference section */

/* Begin PBXFrameworksBuildPhase section */
		7132CE4025A4865200229169 /* Frameworks */ = {
			isa = PBXFrameworksBuildPhase;
			buildActionMask = 2147483647;
			files = (
			);
			runOnlyForDeploymentPostprocessing = 0;
		};
/* End PBXFrameworksBuildPhase section */

/* Begin PBXGroup section */
		7132CE3A25A4865200229169 = {
			isa = PBXGroup;
			children = (
				7132CE4525A4865200229169 /* iz.Parcel */,
				7132CE4425A4865200229169 /* Products */,
			);
			sourceTree = "<group>";
		};
		7132CE4425A4865200229169 /* Products */ = {
			isa = PBXGroup;
			children = (
				7132CE4325A4865200229169 /* iz.Parcel.app */,
			);
			name = Products;
			sourceTree = "<group>";
		};
		7132CE4525A4865200229169 /* iz.Parcel */ = {
			isa = PBXGroup;
			children = (
				7132CE4625A4865200229169 /* AppDelegate.swift */,
				7132CE4825A4865200229169 /* SceneDelegate.swift */,
				7132CE6625A48C5300229169 /* Model */,
				7132CE6125A48BDA00229169 /* View */,
				7132CE5F25A48BC800229169 /* Controllers */,
				7132CE4F25A4865500229169 /* Assets.xcassets */,
				7132CE5125A4865500229169 /* LaunchScreen.storyboard */,
				7132CE5425A4865500229169 /* Info.plist */,
			);
			path = iz.Parcel;
			sourceTree = "<group>";
		};
		7132CE5F25A48BC800229169 /* Controllers */ = {
			isa = PBXGroup;
			children = (
				7132CE4A25A4865200229169 /* ViewController.swift */,
				712F36C625B65B3900E2AD21 /* packageTableViewCell.swift */,
				7163F4AF25C031BC009EF072 /* MainTableViewController.swift */,
				7132CE5B25A48BB900229169 /* InputViewController.swift */,
			);
			path = Controllers;
			sourceTree = "<group>";
		};
		7132CE6125A48BDA00229169 /* View */ = {
			isa = PBXGroup;
			children = (
				7132CE4C25A4865200229169 /* Main.storyboard */,
			);
			path = View;
			sourceTree = "<group>";
		};
		7132CE6625A48C5300229169 /* Model */ = {
			isa = PBXGroup;
			children = (
				7132CE6225A48C4C00229169 /* izParcel.swift */,
				7171399B25B2D2BF00BA292C /* InputScreen.swift */,
			);
			path = Model;
			sourceTree = "<group>";
		};
/* End PBXGroup section */

/* Begin PBXNativeTarget section */
		7132CE4225A4865200229169 /* iz.Parcel */ = {
			isa = PBXNativeTarget;
			buildConfigurationList = 7132CE5725A4865500229169 /* Build configuration list for PBXNativeTarget "iz.Parcel" */;
			buildPhases = (
				7132CE3F25A4865200229169 /* Sources */,
				7132CE4025A4865200229169 /* Frameworks */,
				7132CE4125A4865200229169 /* Resources */,
			);
			buildRules = (
			);
			dependencies = (
			);
			name = iz.Parcel;
			productName = iz.Parcel;
			productReference = 7132CE4325A4865200229169 /* iz.Parcel.app */;
			productType = "com.apple.product-type.application";
		};
/* End PBXNativeTarget section */

/* Begin PBXProject section */
		7132CE3B25A4865200229169 /* Project object */ = {
			isa = PBXProject;
			attributes = {
				LastSwiftUpdateCheck = 1230;
				LastUpgradeCheck = 1230;
				TargetAttributes = {
					7132CE4225A4865200229169 = {
						CreatedOnToolsVersion = 12.3;
					};
				};
			};
			buildConfigurationList = 7132CE3E25A4865200229169 /* Build configuration list for PBXProject "iz.Parcel" */;
			compatibilityVersion = "Xcode 9.3";
			developmentRegion = en;
			hasScannedForEncodings = 0;
			knownRegions = (
				en,
				Base,
			);
			mainGroup = 7132CE3A25A4865200229169;
			productRefGroup = 7132CE4425A4865200229169 /* Products */;
			projectDirPath = "";
			projectRoot = "";
			targets = (
				7132CE4225A4865200229169 /* iz.Parcel */,
			);
		};
/* End PBXProject section */

/* Begin PBXResourcesBuildPhase section */
		7132CE4125A4865200229169 /* Resources */ = {
			isa = PBXResourcesBuildPhase;
			buildActionMask = 2147483647;
			files = (
				7132CE5325A4865500229169 /* LaunchScreen.storyboard in Resources */,
				7132CE5025A4865500229169 /* Assets.xcassets in Resources */,
				7132CE4E25A4865200229169 /* Main.storyboard in Resources */,
			);
			runOnlyForDeploymentPostprocessing = 0;
		};
/* End PBXResourcesBuildPhase section */

/* Begin PBXSourcesBuildPhase section */
		7132CE3F25A4865200229169 /* Sources */ = {
			isa = PBXSourcesBuildPhase;
			buildActionMask = 2147483647;
			files = (
				7132CE4B25A4865200229169 /* ViewController.swift in Sources */,
				7132CE6325A48C4C00229169 /* izParcel.swift in Sources */,
				7171399C25B2D2BF00BA292C /* InputScreen.swift in Sources */,
				7132CE4725A4865200229169 /* AppDelegate.swift in Sources */,
				7163F4B025C031BC009EF072 /* MainTableViewController.swift in Sources */,
				712F36C725B65B3900E2AD21 /* packageTableViewCell.swift in Sources */,
				7132CE4925A4865200229169 /* SceneDelegate.swift in Sources */,
				7132CE5C25A48BB900229169 /* InputViewController.swift in Sources */,
			);
			runOnlyForDeploymentPostprocessing = 0;
		};
/* End PBXSourcesBuildPhase section */

/* Begin PBXVariantGroup section */
		7132CE4C25A4865200229169 /* Main.storyboard */ = {
			isa = PBXVariantGroup;
			children = (
				7132CE4D25A4865200229169 /* Base */,
			);
			name = Main.storyboard;
			sourceTree = "<group>";
		};
		7132CE5125A4865500229169 /* LaunchScreen.storyboard */ = {
			isa = PBXVariantGroup;
			children = (
				7132CE5225A4865500229169 /* Base */,
			);
			name = LaunchScreen.storyboard;
			sourceTree = "<group>";
		};
/* End PBXVariantGroup section */

/* Begin XCBuildConfiguration section */
		7132CE5525A4865500229169 /* Debug */ = {
			isa = XCBuildConfiguration;
			buildSettings = {
				ALWAYS_SEARCH_USER_PATHS = NO;
				CLANG_ANALYZER_NONNULL = YES;
				CLANG_ANALYZER_NUMBER_OBJECT_CONVERSION = YES_AGGRESSIVE;
				CLANG_CXX_LANGUAGE_STANDARD = "gnu++14";
				CLANG_CXX_LIBRARY = "libc++";
				CLANG_ENABLE_MODULES = YES;
				CLANG_ENABLE_OBJC_ARC = YES;
				CLANG_ENABLE_OBJC_WEAK = YES;
				CLANG_WARN_BLOCK_CAPTURE_AUTORELEASING = YES;
				CLANG_WARN_BOOL_CONVERSION = YES;
				CLANG_WARN_COMMA = YES;
				CLANG_WARN_CONSTANT_CONVERSION = YES;
				CLANG_WARN_DEPRECATED_OBJC_IMPLEMENTATIONS = YES;
				CLANG_WARN_DIRECT_OBJC_ISA_USAGE = YES_ERROR;
				CLANG_WARN_DOCUMENTATION_COMMENTS = YES;
				CLANG_WARN_EMPTY_BODY = YES;
				CLANG_WARN_ENUM_CONVERSION = YES;
				CLANG_WARN_INFINITE_RECURSION = YES;
				CLANG_WARN_INT_CONVERSION = YES;
				CLANG_WARN_NON_LITERAL_NULL_CONVERSION = YES;
				CLANG_WARN_OBJC_IMPLICIT_RETAIN_SELF = YES;
				CLANG_WARN_OBJC_LITERAL_CONVERSION = YES;
				CLANG_WARN_OBJC_ROOT_CLASS = YES_ERROR;
				CLANG_WARN_QUOTED_INCLUDE_IN_FRAMEWORK_HEADER = YES;
				CLANG_WARN_RANGE_LOOP_ANALYSIS = YES;
				CLANG_WARN_STRICT_PROTOTYPES = YES;
				CLANG_WARN_SUSPICIOUS_MOVE = YES;
				CLANG_WARN_UNGUARDED_AVAILABILITY = YES_AGGRESSIVE;
				CLANG_WARN_UNREACHABLE_CODE = YES;
				CLANG_WARN__DUPLICATE_METHOD_MATCH = YES;
				COPY_PHASE_STRIP = NO;
				DEBUG_INFORMATION_FORMAT = dwarf;
				ENABLE_STRICT_OBJC_MSGSEND = YES;
				ENABLE_TESTABILITY = YES;
				GCC_C_LANGUAGE_STANDARD = gnu11;
				GCC_DYNAMIC_NO_PIC = NO;
				GCC_NO_COMMON_BLOCKS = YES;
				GCC_OPTIMIZATION_LEVEL = 0;
				GCC_PREPROCESSOR_DEFINITIONS = (
					"DEBUG=1",
					"$(inherited)",
				);
				GCC_WARN_64_TO_32_BIT_CONVERSION = YES;
				GCC_WARN_ABOUT_RETURN_TYPE = YES_ERROR;
				GCC_WARN_UNDECLARED_SELECTOR = YES;
				GCC_WARN_UNINITIALIZED_AUTOS = YES_AGGRESSIVE;
				GCC_WARN_UNUSED_FUNCTION = YES;
				GCC_WARN_UNUSED_VARIABLE = YES;
				IPHONEOS_DEPLOYMENT_TARGET = 14.3;
				MTL_ENABLE_DEBUG_INFO = INCLUDE_SOURCE;
				MTL_FAST_MATH = YES;
				ONLY_ACTIVE_ARCH = YES;
				SDKROOT = iphoneos;
				SWIFT_ACTIVE_COMPILATION_CONDITIONS = DEBUG;
				SWIFT_OPTIMIZATION_LEVEL = "-Onone";
			};
			name = Debug;
		};
		7132CE5625A4865500229169 /* Release */ = {
			isa = XCBuildConfiguration;
			buildSettings = {
				ALWAYS_SEARCH_USER_PATHS = NO;
				CLANG_ANALYZER_NONNULL = YES;
				CLANG_ANALYZER_NUMBER_OBJECT_CONVERSION = YES_AGGRESSIVE;
				CLANG_CXX_LANGUAGE_STANDARD = "gnu++14";
				CLANG_CXX_LIBRARY = "libc++";
				CLANG_ENABLE_MODULES = YES;
				CLANG_ENABLE_OBJC_ARC = YES;
				CLANG_ENABLE_OBJC_WEAK = YES;
				CLANG_WARN_BLOCK_CAPTURE_AUTORELEASING = YES;
				CLANG_WARN_BOOL_CONVERSION = YES;
				CLANG_WARN_COMMA = YES;
				CLANG_WARN_CONSTANT_CONVERSION = YES;
				CLANG_WARN_DEPRECATED_OBJC_IMPLEMENTATIONS = YES;
				CLANG_WARN_DIRECT_OBJC_ISA_USAGE = YES_ERROR;
				CLANG_WARN_DOCUMENTATION_COMMENTS = YES;
				CLANG_WARN_EMPTY_BODY = YES;
				CLANG_WARN_ENUM_CONVERSION = YES;
				CLANG_WARN_INFINITE_RECURSION = YES;
				CLANG_WARN_INT_CONVERSION = YES;
				CLANG_WARN_NON_LITERAL_NULL_CONVERSION = YES;
				CLANG_WARN_OBJC_IMPLICIT_RETAIN_SELF = YES;
				CLANG_WARN_OBJC_LITERAL_CONVERSION = YES;
				CLANG_WARN_OBJC_ROOT_CLASS = YES_ERROR;
				CLANG_WARN_QUOTED_INCLUDE_IN_FRAMEWORK_HEADER = YES;
				CLANG_WARN_RANGE_LOOP_ANALYSIS = YES;
				CLANG_WARN_STRICT_PROTOTYPES = YES;
				CLANG_WARN_SUSPICIOUS_MOVE = YES;
				CLANG_WARN_UNGUARDED_AVAILABILITY = YES_AGGRESSIVE;
				CLANG_WARN_UNREACHABLE_CODE = YES;
				CLANG_WARN__DUPLICATE_METHOD_MATCH = YES;
				COPY_PHASE_STRIP = NO;
				DEBUG_INFORMATION_FORMAT = "dwarf-with-dsym";
				ENABLE_NS_ASSERTIONS = NO;
				ENABLE_STRICT_OBJC_MSGSEND = YES;
				GCC_C_LANGUAGE_STANDARD = gnu11;
				GCC_NO_COMMON_BLOCKS = YES;
				GCC_WARN_64_TO_32_BIT_CONVERSION = YES;
				GCC_WARN_ABOUT_RETURN_TYPE = YES_ERROR;
				GCC_WARN_UNDECLARED_SELECTOR = YES;
				GCC_WARN_UNINITIALIZED_AUTOS = YES_AGGRESSIVE;
				GCC_WARN_UNUSED_FUNCTION = YES;
				GCC_WARN_UNUSED_VARIABLE = YES;
				IPHONEOS_DEPLOYMENT_TARGET = 14.3;
				MTL_ENABLE_DEBUG_INFO = NO;
				MTL_FAST_MATH = YES;
				SDKROOT = iphoneos;
				SWIFT_COMPILATION_MODE = wholemodule;
				SWIFT_OPTIMIZATION_LEVEL = "-O";
				VALIDATE_PRODUCT = YES;
			};
			name = Release;
		};
		7132CE5825A4865500229169 /* Debug */ = {
			isa = XCBuildConfiguration;
			buildSettings = {
				ASSETCATALOG_COMPILER_APPICON_NAME = AppIcon;
				ASSETCATALOG_COMPILER_GLOBAL_ACCENT_COLOR_NAME = AccentColor;
				CODE_SIGN_STYLE = Automatic;
				DEVELOPMENT_TEAM = GU6W6JBYVD;
				INFOPLIST_FILE = iz.Parcel/Info.plist;
				LD_RUNPATH_SEARCH_PATHS = (
					"$(inherited)",
					"@executable_path/Frameworks",
				);
				PRODUCT_BUNDLE_IDENTIFIER = "el.jabali.izzat.iz-Parcel";
				PRODUCT_NAME = "$(TARGET_NAME)";
				SWIFT_VERSION = 5.0;
				TARGETED_DEVICE_FAMILY = "1,2";
			};
			name = Debug;
		};
		7132CE5925A4865500229169 /* Release */ = {
			isa = XCBuildConfiguration;
			buildSettings = {
				ASSETCATALOG_COMPILER_APPICON_NAME = AppIcon;
				ASSETCATALOG_COMPILER_GLOBAL_ACCENT_COLOR_NAME = AccentColor;
				CODE_SIGN_STYLE = Automatic;
				DEVELOPMENT_TEAM = GU6W6JBYVD;
				INFOPLIST_FILE = iz.Parcel/Info.plist;
				LD_RUNPATH_SEARCH_PATHS = (
					"$(inherited)",
					"@executable_path/Frameworks",
				);
				PRODUCT_BUNDLE_IDENTIFIER = "el.jabali.izzat.iz-Parcel";
				PRODUCT_NAME = "$(TARGET_NAME)";
				SWIFT_VERSION = 5.0;
				TARGETED_DEVICE_FAMILY = "1,2";
			};
			name = Release;
		};
/* End XCBuildConfiguration section */

/* Begin XCConfigurationList section */
		7132CE3E25A4865200229169 /* Build configuration list for PBXProject "iz.Parcel" */ = {
			isa = XCConfigurationList;
			buildConfigurations = (
				7132CE5525A4865500229169 /* Debug */,
				7132CE5625A4865500229169 /* Release */,
			);
			defaultConfigurationIsVisible = 0;
			defaultConfigurationName = Release;
		};
		7132CE5725A4865500229169 /* Build configuration list for PBXNativeTarget "iz.Parcel" */ = {
			isa = XCConfigurationList;
			buildConfigurations = (
				7132CE5825A4865500229169 /* Debug */,
				7132CE5925A4865500229169 /* Release */,
			);
			defaultConfigurationIsVisible = 0;
			defaultConfigurationName = Release;
		};
/* End XCConfigurationList section */
	};
	rootObject = 7132CE3B25A4865200229169 /* Project object */;
}
